
Microsoft Visual Studio Solution File, Format Version 12.00
# Visual Studio Version 16
VisualStudioVersion = 16.0.29209.152
MinimumVisualStudioVersion = 10.0.40219.1
Project("{9A19103F-16F7-4668-BE54-9A1E7A4F7556}") = "JsonConfiger.WPF", "JsonConfiger.WPF\JsonConfiger.WPF.csproj", "{74B6D621-6947-40B9-8DCB-A2E3548D7FDC}"
EndProject
Project("{FAE04EC0-301F-11D3-BF4B-00C04F79EFBC}") = "JsonConfiger.UWP", "JsonConfiger.UWP\JsonConfiger.UWP.csproj", "{2E4B2F88-77DF-4E3F-9BAE-FCC610AD3D3D}"
EndProject
Project("{2150E333-8FDC-42A3-9474-1A3956D46DE8}") = "Samples", "Samples", "{CF94DDF0-A3A5-4BBD-8605-7C6C7C924000}"
EndProject
Project("{FAE04EC0-301F-11D3-BF4B-00C04F79EFBC}") = "Sample.UWP", "Sample.UWP\Sample.UWP.csproj", "{DDF48397-7F72-4053-B93F-54DF3FAFE1DB}"
EndProject
Project("{FAE04EC0-301F-11D3-BF4B-00C04F79EFBC}") = "Sample.WPF", "Sample.WPF\Sample.WPF.csproj", "{0FC5D62A-8D6C-4712-9100-863311FD1DF4}"
EndProject
Project("{2150E333-8FDC-42A3-9474-1A3956D46DE8}") = "Nuget", "Nuget", "{34D1D031-152D-4078-8E4A-A46CA3F1D6A8}"
	ProjectSection(SolutionItems) = preProject
		NuGet\create-packages.cmd = NuGet\create-packages.cmd
		NuGet\JsonConfiger.nuspec = NuGet\JsonConfiger.nuspec
	EndProjectSection
EndProject
Project("{9A19103F-16F7-4668-BE54-9A1E7A4F7556}") = "JsonConfiger.Common", "JsonConfiger.Common\JsonConfiger.Common.csproj", "{0D357BD2-BD06-423A-8DA7-38F348D7EAA5}"
EndProject
Project("{2150E333-8FDC-42A3-9474-1A3956D46DE8}") = "Docs", "Docs", "{1B638385-BCDE-451E-A0F2-6858FE1A2907}"
	ProjectSection(SolutionItems) = preProject
		README.md = README.md
	EndProjectSection
EndProject
Global
	GlobalSection(SolutionConfigurationPlatforms) = preSolution
		Debug|Any CPU = Debug|Any CPU
		Debug|ARM = Debug|ARM
		Debug|x64 = Debug|x64
		Debug|x86 = Debug|x86
		Release|Any CPU = Release|Any CPU
		Release|ARM = Release|ARM
		Release|x64 = Release|x64
		Release|x86 = Release|x86
	EndGlobalSection
	GlobalSection(ProjectConfigurationPlatforms) = postSolution
		{74B6D621-6947-40B9-8DCB-A2E3548D7FDC}.Debug|Any CPU.ActiveCfg = Debug|Any CPU
		{74B6D621-6947-40B9-8DCB-A2E3548D7FDC}.Debug|Any CPU.Build.0 = Debug|Any CPU
		{74B6D621-6947-40B9-8DCB-A2E3548D7FDC}.Debug|ARM.ActiveCfg = Debug|Any CPU
		{74B6D621-6947-40B9-8DCB-A2E3548D7FDC}.Debug|ARM.Build.0 = Debug|Any CPU
		{74B6D621-6947-40B9-8DCB-A2E3548D7FDC}.Debug|x64.ActiveCfg = Debug|Any CPU
		{74B6D621-6947-40B9-8DCB-A2E3548D7FDC}.Debug|x64.Build.0 = Debug|Any CPU
		{74B6D621-6947-40B9-8DCB-A2E3548D7FDC}.Debug|x86.ActiveCfg = Debug|Any CPU
		{74B6D621-6947-40B9-8DCB-A2E3548D7FDC}.Debug|x86.Build.0 = Debug|Any CPU
		{74B6D621-6947-40B9-8DCB-A2E3548D7FDC}.Release|Any CPU.ActiveCfg = Release|Any CPU
		{74B6D621-6947-40B9-8DCB-A2E3548D7FDC}.Release|Any CPU.Build.0 = Release|Any CPU
		{74B6D621-6947-40B9-8DCB-A2E3548D7FDC}.Release|ARM.ActiveCfg = Release|Any CPU
		{74B6D621-6947-40B9-8DCB-A2E3548D7FDC}.Release|ARM.Build.0 = Release|Any CPU
		{74B6D621-6947-40B9-8DCB-A2E3548D7FDC}.Release|x64.ActiveCfg = Release|Any CPU
		{74B6D621-6947-40B9-8DCB-A2E3548D7FDC}.Release|x64.Build.0 = Release|Any CPU
		{74B6D621-6947-40B9-8DCB-A2E3548D7FDC}.Release|x86.ActiveCfg = Release|Any CPU
		{74B6D621-6947-40B9-8DCB-A2E3548D7FDC}.Release|x86.Build.0 = Release|Any CPU
		{2E4B2F88-77DF-4E3F-9BAE-FCC610AD3D3D}.Debug|Any CPU.ActiveCfg = Debug|Any CPU
		{2E4B2F88-77DF-4E3F-9BAE-FCC610AD3D3D}.Debug|Any CPU.Build.0 = Debug|Any CPU
		{2E4B2F88-77DF-4E3F-9BAE-FCC610AD3D3D}.Debug|ARM.ActiveCfg = Debug|ARM
		{2E4B2F88-77DF-4E3F-9BAE-FCC610AD3D3D}.Debug|ARM.Build.0 = Debug|ARM
		{2E4B2F88-77DF-4E3F-9BAE-FCC610AD3D3D}.Debug|x64.ActiveCfg = Debug|x64
		{2E4B2F88-77DF-4E3F-9BAE-FCC610AD3D3D}.Debug|x64.Build.0 = Debug|x64
		{2E4B2F88-77DF-4E3F-9BAE-FCC610AD3D3D}.Debug|x86.ActiveCfg = Debug|x86
		{2E4B2F88-77DF-4E3F-9BAE-FCC610AD3D3D}.Debug|x86.Build.0 = Debug|x86
		{2E4B2F88-77DF-4E3F-9BAE-FCC610AD3D3D}.Release|Any CPU.ActiveCfg = Release|Any CPU
		{2E4B2F88-77DF-4E3F-9BAE-FCC610AD3D3D}.Release|Any CPU.Build.0 = Release|Any CPU
		{2E4B2F88-77DF-4E3F-9BAE-FCC610AD3D3D}.Release|ARM.ActiveCfg = Release|ARM
		{2E4B2F88-77DF-4E3F-9BAE-FCC610AD3D3D}.Release|ARM.Build.0 = Release|ARM
		{2E4B2F88-77DF-4E3F-9BAE-FCC610AD3D3D}.Release|x64.ActiveCfg = Release|x64
		{2E4B2F88-77DF-4E3F-9BAE-FCC610AD3D3D}.Release|x64.Build.0 = Release|x64
		{2E4B2F88-77DF-4E3F-9BAE-FCC610AD3D3D}.Release|x86.ActiveCfg = Release|x86
		{2E4B2F88-77DF-4E3F-9BAE-FCC610AD3D3D}.Release|x86.Build.0 = Release|x86
		{DDF48397-7F72-4053-B93F-54DF3FAFE1DB}.Debug|Any CPU.ActiveCfg = Debug|x86
		{DDF48397-7F72-4053-B93F-54DF3FAFE1DB}.Debug|ARM.ActiveCfg = Debug|ARM
		{DDF48397-7F72-4053-B93F-54DF3FAFE1DB}.Debug|ARM.Build.0 = Debug|ARM
		{DDF48397-7F72-4053-B93F-54DF3FAFE1DB}.Debug|ARM.Deploy.0 = Debug|ARM
		{DDF48397-7F72-4053-B93F-54DF3FAFE1DB}.Debug|x64.ActiveCfg = Debug|x64
		{DDF48397-7F72-4053-B93F-54DF3FAFE1DB}.Debug|x64.Build.0 = Debug|x64
		{DDF48397-7F72-4053-B93F-54DF3FAFE1DB}.Debug|x64.Deploy.0 = Debug|x64
		{DDF48397-7F72-4053-B93F-54DF3FAFE1DB}.Debug|x86.ActiveCfg = Debug|x86
		{DDF48397-7F72-4053-B93F-54DF3FAFE1DB}.Debug|x86.Build.0 = Debug|x86
		{DDF48397-7F72-4053-B93F-54DF3FAFE1DB}.Debug|x86.Deploy.0 = Debug|x86
		{DDF48397-7F72-4053-B93F-54DF3FAFE1DB}.Release|Any CPU.ActiveCfg = Release|x86
		{DDF48397-7F72-4053-B93F-54DF3FAFE1DB}.Release|ARM.ActiveCfg = Release|ARM
		{DDF48397-7F72-4053-B93F-54DF3FAFE1DB}.Release|ARM.Build.0 = Release|ARM
		{DDF48397-7F72-4053-B93F-54DF3FAFE1DB}.Release|ARM.Deploy.0 = Release|ARM
		{DDF48397-7F72-4053-B93F-54DF3FAFE1DB}.Release|x64.ActiveCfg = Release|x64
		{DDF48397-7F72-4053-B93F-54DF3FAFE1DB}.Release|x64.Build.0 = Release|x64
		{DDF48397-7F72-4053-B93F-54DF3FAFE1DB}.Release|x64.Deploy.0 = Release|x64
		{DDF48397-7F72-4053-B93F-54DF3FAFE1DB}.Release|x86.ActiveCfg = Release|x86
		{DDF48397-7F72-4053-B93F-54DF3FAFE1DB}.Release|x86.Build.0 = Release|x86
		{DDF48397-7F72-4053-B93F-54DF3FAFE1DB}.Release|x86.Deploy.0 = Release|x86
		{0FC5D62A-8D6C-4712-9100-863311FD1DF4}.Debug|Any CPU.ActiveCfg = Debug|Any CPU
		{0FC5D62A-8D6C-4712-9100-863311FD1DF4}.Debug|Any CPU.Build.0 = Debug|Any CPU
		{0FC5D62A-8D6C-4712-9100-863311FD1DF4}.Debug|ARM.ActiveCfg = Debug|Any CPU
		{0FC5D62A-8D6C-4712-9100-863311FD1DF4}.Debug|ARM.Build.0 = Debug|Any CPU
		{0FC5D62A-8D6C-4712-9100-863311FD1DF4}.Debug|x64.ActiveCfg = Debug|Any CPU
		{0FC5D62A-8D6C-4712-9100-863311FD1DF4}.Debug|x64.Build.0 = Debug|Any CPU
		{0FC5D62A-8D6C-4712-9100-863311FD1DF4}.Debug|x86.ActiveCfg = Debug|Any CPU
		{0FC5D62A-8D6C-4712-9100-863311FD1DF4}.Debug|x86.Build.0 = Debug|Any CPU
		{0FC5D62A-8D6C-4712-9100-863311FD1DF4}.Release|Any CPU.ActiveCfg = Release|Any CPU
		{0FC5D62A-8D6C-4712-9100-863311FD1DF4}.Release|Any CPU.Build.0 = Release|Any CPU
		{0FC5D62A-8D6C-4712-9100-863311FD1DF4}.Release|ARM.ActiveCfg = Release|Any CPU
		{0FC5D62A-8D6C-4712-9100-863311FD1DF4}.Release|ARM.Build.0 = Release|Any CPU
		{0FC5D62A-8D6C-4712-9100-863311FD1DF4}.Release|x64.ActiveCfg = Release|Any CPU
		{0FC5D62A-8D6C-4712-9100-863311FD1DF4}.Release|x64.Build.0 = Release|Any CPU
		{0FC5D62A-8D6C-4712-9100-863311FD1DF4}.Release|x86.ActiveCfg = Release|Any CPU
		{0FC5D62A-8D6C-4712-9100-863311FD1DF4}.Release|x86.Build.0 = Release|Any CPU
		{0D357BD2-BD06-423A-8DA7-38F348D7EAA5}.Debug|Any CPU.ActiveCfg = Debug|Any CPU
		{0D357BD2-BD06-423A-8DA7-38F348D7EAA5}.Debug|Any CPU.Build.0 = Debug|Any CPU
		{0D357BD2-BD06-423A-8DA7-38F348D7EAA5}.Debug|ARM.ActiveCfg = Debug|Any CPU
		{0D357BD2-BD06-423A-8DA7-38F348D7EAA5}.Debug|ARM.Build.0 = Debug|Any CPU
		{0D357BD2-BD06-423A-8DA7-38F348D7EAA5}.Debug|x64.ActiveCfg = Debug|Any CPU
		{0D357BD2-BD06-423A-8DA7-38F348D7EAA5}.Debug|x64.Build.0 = Debug|Any CPU
		{0D357BD2-BD06-423A-8DA7-38F348D7EAA5}.Debug|x86.ActiveCfg = Debug|Any CPU
		{0D357BD2-BD06-423A-8DA7-38F348D7EAA5}.Debug|x86.Build.0 = Debug|Any CPU
		{0D357BD2-BD06-423A-8DA7-38F348D7EAA5}.Release|Any CPU.ActiveCfg = Release|Any CPU
		{0D357BD2-BD06-423A-8DA7-38F348D7EAA5}.Release|Any CPU.Build.0 = Release|Any CPU
		{0D357BD2-BD06-423A-8DA7-38F348D7EAA5}.Release|ARM.ActiveCfg = Release|Any CPU
		{0D357BD2-BD06-423A-8DA7-38F348D7EAA5}.Release|ARM.Build.0 = Release|Any CPU
		{0D357BD2-BD06-423A-8DA7-38F348D7EAA5}.Release|x64.ActiveCfg = Release|Any CPU
		{0D357BD2-BD06-423A-8DA7-38F348D7EAA5}.Release|x64.Build.0 = Release|Any CPU
		{0D357BD2-BD06-423A-8DA7-38F348D7EAA5}.Release|x86.ActiveCfg = Release|Any CPU
		{0D357BD2-BD06-423A-8DA7-38F348D7EAA5}.Release|x86.Build.0 = Release|Any CPU
	EndGlobalSection
	GlobalSection(SolutionProperties) = preSolution
		HideSolutionNode = FALSE
	EndGlobalSection
	GlobalSection(NestedProjects) = preSolution
		{DDF48397-7F72-4053-B93F-54DF3FAFE1DB} = {CF94DDF0-A3A5-4BBD-8605-7C6C7C924000}
		{0FC5D62A-8D6C-4712-9100-863311FD1DF4} = {CF94DDF0-A3A5-4BBD-8605-7C6C7C924000}
	EndGlobalSection
	GlobalSection(ExtensibilityGlobals) = postSolution
		SolutionGuid = {01382712-CF58-43B2-9C40-546FD08967D2}
	EndGlobalSection
EndGlobal
